
Microsoft Visual Studio Solution File, Format Version 12.00
# Visual Studio Version 16
VisualStudioVersion = 16.0.32630.195
MinimumVisualStudioVersion = 10.0.40219.1
Project("{9A19103F-16F7-4668-BE54-9A1E7A4F7556}") = "AppLogger", "AppLogger.csproj", "{13D4DCA3-9293-4FEC-9F7B-EB90BB34385E}"
EndProject
Global
	GlobalSection(SolutionConfigurationPlatforms) = preSolution
		Debug|Any CPU = Debug|Any CPU
		Release|Any CPU = Release|Any CPU
	EndGlobalSection
	GlobalSection(ProjectConfigurationPlatforms) = postSolution
		{13D4DCA3-9293-4FEC-9F7B-EB90BB34385E}.Debug|Any CPU.ActiveCfg = Debug|Any CPU
		{13D4DCA3-9293-4FEC-9F7B-EB90BB34385E}.Debug|Any CPU.Build.0 = Debug|Any CPU
		{13D4DCA3-9293-4FEC-9F7B-EB90BB34385E}.Release|Any CPU.ActiveCfg = Release|Any CPU
		{13D4DCA3-9293-4FEC-9F7B-EB90BB34385E}.Release|Any CPU.Build.0 = Release|Any CPU
	EndGlobalSection
	GlobalSection(SolutionProperties) = preSolution
		HideSolutionNode = FALSE
	EndGlobalSection
	GlobalSection(ExtensibilityGlobals) = postSolution
		SolutionGuid = {8C2321BB-54D7-4852-BFC9-D92C5D97D0D5}
	EndGlobalSection
EndGlobal
